
Microsoft Visual Studio Solution File, Format Version 12.00
# Visual Studio Version 16
VisualStudioVersion = 16.0.31321.278
MinimumVisualStudioVersion = 10.0.40219.1
Project("{FAE04EC0-301F-11D3-BF4B-00C04F79EFBC}") = "poc-kafka", "poc-kafka\poc-kafka.csproj", "{95105B99-35CB-4FE5-B015-8BE2A5BC7355}"
EndProject
Global
	GlobalSection(SolutionConfigurationPlatforms) = preSolution
		Debug|Any CPU = Debug|Any CPU
		Release|Any CPU = Release|Any CPU
	EndGlobalSection
	GlobalSection(ProjectConfigurationPlatforms) = postSolution
		{95105B99-35CB-4FE5-B015-8BE2A5BC7355}.Debug|Any CPU.ActiveCfg = Debug|Any CPU
		{95105B99-35CB-4FE5-B015-8BE2A5BC7355}.Debug|Any CPU.Build.0 = Debug|Any CPU
		{95105B99-35CB-4FE5-B015-8BE2A5BC7355}.Release|Any CPU.ActiveCfg = Release|Any CPU
		{95105B99-35CB-4FE5-B015-8BE2A5BC7355}.Release|Any CPU.Build.0 = Release|Any CPU
	EndGlobalSection
	GlobalSection(SolutionProperties) = preSolution
		HideSolutionNode = FALSE
	EndGlobalSection
	GlobalSection(ExtensibilityGlobals) = postSolution
		SolutionGuid = {A8BBC0E5-EA95-412D-9FC9-46784878250C}
	EndGlobalSection
EndGlobal
